
Microsoft Visual Studio Solution File, Format Version 12.00
# Visual Studio Version 17
VisualStudioVersion = 17.0.31314.256
MinimumVisualStudioVersion = 10.0.40219.1
Project("{2150E333-8FDC-42A3-9474-1A3956D46DE8}") = "Automation", "Automation", "{0BFBE63A-B98A-3411-8EEB-8918FEC737B3}"
EndProject
Project("{2150E333-8FDC-42A3-9474-1A3956D46DE8}") = "Engine", "Engine", "{233774A8-CC9D-3FA9-86D1-90573E92B704}"
EndProject
Project("{2150E333-8FDC-42A3-9474-1A3956D46DE8}") = "Games", "Games", "{DE1F8B53-6C02-3C13-9101-A7C8D96F3FF6}"
EndProject
Project("{2150E333-8FDC-42A3-9474-1A3956D46DE8}") = "Programs", "Programs", "{A338B9E2-A559-34BE-A46D-F789DD488FAD}"
EndProject
Project("{2150E333-8FDC-42A3-9474-1A3956D46DE8}") = "Rules", "Rules", "{C2F57ECE-B26F-39D8-BDA7-C1D40BD8F180}"
EndProject
Project("{2150E333-8FDC-42A3-9474-1A3956D46DE8}") = "Shared", "Shared", "{57713676-9DBE-331C-AD10-26632AC9EE0C}"
EndProject
Project("{2150E333-8FDC-42A3-9474-1A3956D46DE8}") = "UnrealBuildTool.Plugins", "UnrealBuildTool.Plugins", "{7B5CFB44-F0FB-31DF-AE62-C3C096A29A7B}"
EndProject
Project("{8BC9CEB8-8B4A-11D0-8D11-00A0C91BC942}") = "UE5_3_Example", "Intermediate\ProjectFiles\UE5_3_Example.vcxproj", "{3C0D8D6D-093C-329B-B9FC-AA4456EFA17B}"
	ProjectSection(ProjectDependencies) = postProject
		{60BD01BA-1727-3204-AC23-4518D29BADD4} = {60BD01BA-1727-3204-AC23-4518D29BADD4}
	EndProjectSection
EndProject
Project("{8BC9CEB8-8B4A-11D0-8D11-00A0C91BC942}") = "UE5", "Intermediate\ProjectFiles\UE5.vcxproj", "{3669A65A-2825-3060-A6BC-58DA30BDF78A}"
EndProject
Project("{FAE04EC0-301F-11D3-BF4B-00C04F79EFBC}") = "UnrealBuildTool", "..\..\UE_versions\UE_5.3\Engine\Source\Programs\UnrealBuildTool\UnrealBuildTool.csproj", "{60BD01BA-1727-3204-AC23-4518D29BADD4}"
EndProject
Project("{FAE04EC0-301F-11D3-BF4B-00C04F79EFBC}") = "AutomationTool", "..\..\UE_versions\UE_5.3\Engine\Source\Programs\AutomationTool\AutomationTool.csproj", "{1816C01C-A845-30F8-8B78-8B8A93636A01}"
EndProject
Project("{FAE04EC0-301F-11D3-BF4B-00C04F79EFBC}") = "Android.Automation", "..\..\UE_versions\UE_5.3\Engine\Source\Programs\AutomationTool\Android\Android.Automation.csproj", "{F01889B9-6B47-3C34-83B7-E3BB46F80ED6}"
EndProject
Project("{FAE04EC0-301F-11D3-BF4B-00C04F79EFBC}") = "Apple.Automation", "..\..\UE_versions\UE_5.3\Engine\Source\Programs\AutomationTool\Apple\Apple.Automation.csproj", "{AE782253-FA4E-34C5-8E81-F766EA87D718}"
EndProject
Project("{FAE04EC0-301F-11D3-BF4B-00C04F79EFBC}") = "AutomationUtils.Automation", "..\..\UE_versions\UE_5.3\Engine\Source\Programs\AutomationTool\AutomationUtils\AutomationUtils.Automation.csproj", "{A388501A-8DBE-36EF-9605-D6B8D6C21908}"
EndProject
Project("{FAE04EC0-301F-11D3-BF4B-00C04F79EFBC}") = "BuildGraph.Automation", "..\..\UE_versions\UE_5.3\Engine\Source\Programs\AutomationTool\BuildGraph\BuildGraph.Automation.csproj", "{4129CABD-B043-323F-AB5A-B123CABBF1B6}"
EndProject
Project("{FAE04EC0-301F-11D3-BF4B-00C04F79EFBC}") = "CookedEditor.Automation", "..\..\UE_versions\UE_5.3\Engine\Source\Programs\AutomationTool\CookedEditor\CookedEditor.Automation.csproj", "{C02D1DF5-2CB1-33C9-B19B-B82FF49BD87B}"
EndProject
Project("{FAE04EC0-301F-11D3-BF4B-00C04F79EFBC}") = "CrowdinLocalization.Automation", "..\..\UE_versions\UE_5.3\Engine\Source\Programs\AutomationTool\CrowdinLocalization\CrowdinLocalization.Automation.csproj", "{6423BAB2-9630-36A0-AF8E-8752BBFFF142}"
EndProject
Project("{FAE04EC0-301F-11D3-BF4B-00C04F79EFBC}") = "Gauntlet.Automation", "..\..\UE_versions\UE_5.3\Engine\Source\Programs\AutomationTool\Gauntlet\Gauntlet.Automation.csproj", "{59092B2A-F676-380A-9866-058EE36B3AF2}"
EndProject
Project("{FAE04EC0-301F-11D3-BF4B-00C04F79EFBC}") = "IOS.Automation", "..\..\UE_versions\UE_5.3\Engine\Source\Programs\AutomationTool\IOS\IOS.Automation.csproj", "{3A9623BE-AE08-3C3A-A054-D202D61E2B92}"
EndProject
Project("{FAE04EC0-301F-11D3-BF4B-00C04F79EFBC}") = "Linux.Automation", "..\..\UE_versions\UE_5.3\Engine\Source\Programs\AutomationTool\Linux\Linux.Automation.csproj", "{1430641B-C4ED-3B1C-A09A-9E01C907E2E2}"
EndProject
Project("{FAE04EC0-301F-11D3-BF4B-00C04F79EFBC}") = "Localization.Automation", "..\..\UE_versions\UE_5.3\Engine\Source\Programs\AutomationTool\Localization\Localization.Automation.csproj", "{FC49E294-35A8-3C35-A3BC-522D92F29D89}"
EndProject
Project("{FAE04EC0-301F-11D3-BF4B-00C04F79EFBC}") = "LowLevelTests.Automation", "..\..\UE_versions\UE_5.3\Engine\Source\Programs\AutomationTool\LowLevelTests\LowLevelTests.Automation.csproj", "{E9DBBEDA-2BE0-30F3-B7BE-162337462411}"
EndProject
Project("{FAE04EC0-301F-11D3-BF4B-00C04F79EFBC}") = "Mac.Automation", "..\..\UE_versions\UE_5.3\Engine\Source\Programs\AutomationTool\Mac\Mac.Automation.csproj", "{8FAB7761-855E-3200-852C-F75344075A51}"
EndProject
Project("{FAE04EC0-301F-11D3-BF4B-00C04F79EFBC}") = "OneSkyLocalization.Automation", "..\..\UE_versions\UE_5.3\Engine\Source\Programs\AutomationTool\OneSkyLocalization\OneSkyLocalization.Automation.csproj", "{96B79621-B1F1-30CF-A29A-5D23A36DB8BA}"
EndProject
Project("{FAE04EC0-301F-11D3-BF4B-00C04F79EFBC}") = "AutomationScripts.Automation", "..\..\UE_versions\UE_5.3\Engine\Source\Programs\AutomationTool\Scripts\AutomationScripts.Automation.csproj", "{12920092-B490-364C-9EFB-01A34B971E15}"
EndProject
Project("{FAE04EC0-301F-11D3-BF4B-00C04F79EFBC}") = "SmartlingLocalization.Automation", "..\..\UE_versions\UE_5.3\Engine\Source\Programs\AutomationTool\SmartlingLocalization\SmartlingLocalization.Automation.csproj", "{A253255C-DB0F-300A-BE3D-2A19E3796891}"
EndProject
Project("{FAE04EC0-301F-11D3-BF4B-00C04F79EFBC}") = "SteamDeck.Automation", "..\..\UE_versions\UE_5.3\Engine\Source\Programs\AutomationTool\SteamDeck\SteamDeck.Automation.csproj", "{B5AC0485-EEC6-3477-BC30-6455EC93E1F4}"
EndProject
Project("{FAE04EC0-301F-11D3-BF4B-00C04F79EFBC}") = "TVOS.Automation", "..\..\UE_versions\UE_5.3\Engine\Source\Programs\AutomationTool\TVOS\TVOS.Automation.csproj", "{65DF080D-DD02-37DE-8AF8-C3A09582039D}"
EndProject
Project("{FAE04EC0-301F-11D3-BF4B-00C04F79EFBC}") = "Turnkey.Automation", "..\..\UE_versions\UE_5.3\Engine\Source\Programs\AutomationTool\Turnkey\Turnkey.Automation.csproj", "{BCEB974B-F5AB-310E-B000-DF56415352F7}"
EndProject
Project("{FAE04EC0-301F-11D3-BF4B-00C04F79EFBC}") = "Win.Automation", "..\..\UE_versions\UE_5.3\Engine\Source\Programs\AutomationTool\Win\Win.Automation.csproj", "{8325D0DF-2E2E-312E-85C8-980C062DCC52}"
EndProject
Project("{FAE04EC0-301F-11D3-BF4B-00C04F79EFBC}") = "XLocLocalization.Automation", "..\..\UE_versions\UE_5.3\Engine\Source\Programs\AutomationTool\XLocLocalization\XLocLocalization.Automation.csproj", "{6708BFA3-B4C5-3E26-B063-7ACE128CC8D9}"
EndProject
Project("{FAE04EC0-301F-11D3-BF4B-00C04F79EFBC}") = "ScriptGeneratorUbtPlugin.ubtplugin", "..\..\UE_versions\UE_5.3\Engine\Plugins\ScriptPlugin\Source\ScriptGeneratorUbtPlugin\ScriptGeneratorUbtPlugin.ubtplugin.csproj", "{2BD893E0-9BB8-3ED4-8093-D6312674AF7D}"
EndProject
Project("{FAE04EC0-301F-11D3-BF4B-00C04F79EFBC}") = "EpicGames.AspNet", "..\..\UE_versions\UE_5.3\Engine\Source\Programs\Shared\EpicGames.AspNet\EpicGames.AspNet.csproj", "{FF7F5BC2-1A4E-3BA4-B2F7-5DC4ED347989}"
EndProject
Project("{FAE04EC0-301F-11D3-BF4B-00C04F79EFBC}") = "EpicGames.Box", "..\..\UE_versions\UE_5.3\Engine\Source\Programs\Shared\EpicGames.Box\EpicGames.Box.csproj", "{9EF77DAD-2D95-382E-9FEF-D1EA7C2A2369}"
EndProject
Project("{FAE04EC0-301F-11D3-BF4B-00C04F79EFBC}") = "EpicGames.Build", "..\..\UE_versions\UE_5.3\Engine\Source\Programs\Shared\EpicGames.Build\EpicGames.Build.csproj", "{92C0681E-C94B-3CEA-8A09-BA0E9FA8BAF3}"
EndProject
Project("{FAE04EC0-301F-11D3-BF4B-00C04F79EFBC}") = "EpicGames.BuildGraph", "..\..\UE_versions\UE_5.3\Engine\Source\Programs\Shared\EpicGames.BuildGraph\EpicGames.BuildGraph.csproj", "{472FE554-E5C0-324A-8CF2-54CAF92C7648}"
EndProject
Project("{FAE04EC0-301F-11D3-BF4B-00C04F79EFBC}") = "EpicGames.Core", "..\..\UE_versions\UE_5.3\Engine\Source\Programs\Shared\EpicGames.Core\EpicGames.Core.csproj", "{44422D4F-3E05-3091-B5A7-B766CD2C02EA}"
EndProject
Project("{FAE04EC0-301F-11D3-BF4B-00C04F79EFBC}") = "EpicGames.Horde", "..\..\UE_versions\UE_5.3\Engine\Source\Programs\Shared\EpicGames.Horde\EpicGames.Horde.csproj", "{0562C7AD-0BDC-3E4D-96D1-80B177F2423C}"
EndProject
Project("{FAE04EC0-301F-11D3-BF4B-00C04F79EFBC}") = "EpicGames.IoHash", "..\..\UE_versions\UE_5.3\Engine\Source\Programs\Shared\EpicGames.IoHash\EpicGames.IoHash.csproj", "{11414434-AFBA-376E-BF0C-1F751BCA0CF6}"
EndProject
Project("{FAE04EC0-301F-11D3-BF4B-00C04F79EFBC}") = "EpicGames.Jupiter", "..\..\UE_versions\UE_5.3\Engine\Source\Programs\Shared\EpicGames.Jupiter\EpicGames.Jupiter.csproj", "{D99C789D-D0D2-3DBB-BDB2-042C7E34A761}"
EndProject
Project("{FAE04EC0-301F-11D3-BF4B-00C04F79EFBC}") = "EpicGames.MongoDB", "..\..\UE_versions\UE_5.3\Engine\Source\Programs\Shared\EpicGames.MongoDB\EpicGames.MongoDB.csproj", "{A829CA10-B212-371C-9ED0-6F83437449E9}"
EndProject
Project("{FAE04EC0-301F-11D3-BF4B-00C04F79EFBC}") = "EpicGames.MsBuild", "..\..\UE_versions\UE_5.3\Engine\Source\Programs\Shared\EpicGames.MsBuild\EpicGames.MsBuild.csproj", "{5B8F5C6A-9610-3E82-868C-EFAA9DC5DF93}"
EndProject
Project("{FAE04EC0-301F-11D3-BF4B-00C04F79EFBC}") = "EpicGames.OIDC", "..\..\UE_versions\UE_5.3\Engine\Source\Programs\Shared\EpicGames.OIDC\EpicGames.OIDC.csproj", "{84188A06-FF57-3A0C-B538-7A4480CC7E99}"
EndProject
Project("{FAE04EC0-301F-11D3-BF4B-00C04F79EFBC}") = "EpicGames.Oodle", "..\..\UE_versions\UE_5.3\Engine\Source\Programs\Shared\EpicGames.Oodle\EpicGames.Oodle.csproj", "{F157C668-3463-357E-AEA0-D119672CDA97}"
EndProject
Project("{FAE04EC0-301F-11D3-BF4B-00C04F79EFBC}") = "EpicGames.Perforce", "..\..\UE_versions\UE_5.3\Engine\Source\Programs\Shared\EpicGames.Perforce\EpicGames.Perforce.csproj", "{41F33529-CCCC-3DE7-8133-ED7D884A9046}"
EndProject
Project("{FAE04EC0-301F-11D3-BF4B-00C04F79EFBC}") = "EpicGames.Perforce.Fixture", "..\..\UE_versions\UE_5.3\Engine\Source\Programs\Shared\EpicGames.Perforce.Fixture\EpicGames.Perforce.Fixture.csproj", "{78DF0A3A-A785-376D-9D04-D18AAADCFF78}"
EndProject
Project("{FAE04EC0-301F-11D3-BF4B-00C04F79EFBC}") = "EpicGames.Perforce.Managed", "..\..\UE_versions\UE_5.3\Engine\Source\Programs\Shared\EpicGames.Perforce.Managed\EpicGames.Perforce.Managed.csproj", "{7E00C53E-B544-3674-AC03-0395D573F6EB}"
EndProject
Project("{FAE04EC0-301F-11D3-BF4B-00C04F79EFBC}") = "EpicGames.Redis", "..\..\UE_versions\UE_5.3\Engine\Source\Programs\Shared\EpicGames.Redis\EpicGames.Redis.csproj", "{7A2CD817-8C28-3FF5-8C8F-B481EDAC2907}"
EndProject
Project("{FAE04EC0-301F-11D3-BF4B-00C04F79EFBC}") = "EpicGames.Serialization", "..\..\UE_versions\UE_5.3\Engine\Source\Programs\Shared\EpicGames.Serialization\EpicGames.Serialization.csproj", "{39C58C7A-A6CE-3AD1-A165-FA3B599F01D5}"
EndProject
Project("{FAE04EC0-301F-11D3-BF4B-00C04F79EFBC}") = "EpicGames.Slack", "..\..\UE_versions\UE_5.3\Engine\Source\Programs\Shared\EpicGames.Slack\EpicGames.Slack.csproj", "{8290AA62-0FC1-3DD7-97E7-30625C067365}"
EndProject
Project("{FAE04EC0-301F-11D3-BF4B-00C04F79EFBC}") = "EpicGames.Tracing", "..\..\UE_versions\UE_5.3\Engine\Source\Programs\Shared\EpicGames.Tracing\EpicGames.Tracing.csproj", "{86BE7DD8-4AC2-35B9-80C1-45B4323D7AF0}"
EndProject
Project("{FAE04EC0-301F-11D3-BF4B-00C04F79EFBC}") = "EpicGames.UHT", "..\..\UE_versions\UE_5.3\Engine\Source\Programs\Shared\EpicGames.UHT\EpicGames.UHT.csproj", "{719B7437-712F-3D44-B7CD-FD82A7FFD828}"
EndProject
Project("{FAE04EC0-301F-11D3-BF4B-00C04F79EFBC}") = "UE5_3_ExampleModuleRules", "Intermediate\Build\BuildRulesProjects\UE5_3_ExampleModuleRules\UE5_3_ExampleModuleRules.csproj", "{4491E732-861E-3FE1-BEB7-1A1397031CE0}"
EndProject
Project("{FAE04EC0-301F-11D3-BF4B-00C04F79EFBC}") = "UE5ProgramRules", "..\..\UE_versions\UE_5.3\Engine\Intermediate\Build\BuildRulesProjects\UE5ProgramRules\UE5ProgramRules.csproj", "{6D1C5F02-05F8-3C70-BB56-6833647C3229}"
EndProject
Project("{FAE04EC0-301F-11D3-BF4B-00C04F79EFBC}") = "UE5Rules", "..\..\UE_versions\UE_5.3\Engine\Intermediate\Build\BuildRulesProjects\UE5Rules\UE5Rules.csproj", "{3C2C8CBB-0A66-3FD2-A331-FB07DF1B24CA}"
EndProject
Project("{2150E333-8FDC-42A3-9474-1A3956D46DE8}") = "Visualizers", "Visualizers", "{1CCEC849-CC72-4C59-8C36-2F7C38706D4C}"
	ProjectSection(SolutionItems) = preProject
		..\..\UE_versions\UE_5.3\Engine\Extras\VisualStudioDebugging\Unreal.natvis = ..\..\UE_versions\UE_5.3\Engine\Extras\VisualStudioDebugging\Unreal.natvis
		..\..\UE_versions\UE_5.3\Engine\Extras\VisualStudioDebugging\Unreal.natstepfilter = ..\..\UE_versions\UE_5.3\Engine\Extras\VisualStudioDebugging\Unreal.natstepfilter
	EndProjectSection
EndProject
Global
	GlobalSection(SolutionConfigurationPlatforms) = preSolution
		DebugGame Editor|Win64 = DebugGame Editor|Win64
		DebugGame|Win64 = DebugGame|Win64
		Development Editor|Win64 = Development Editor|Win64
		Development|Win64 = Development|Win64
		Shipping|Win64 = Shipping|Win64
	EndGlobalSection
	# UnrealVS Section
	GlobalSection(ddbf523f-7eb6-4887-bd51-85a714ff87eb) = preSolution
		AvailablePlatforms=Win64
	EndGlobalSection
	GlobalSection(ProjectConfigurationPlatforms) = postSolution
		{3C0D8D6D-093C-329B-B9FC-AA4456EFA17B}.DebugGame Editor|Win64.ActiveCfg = DebugGame_Editor|x64
		{3C0D8D6D-093C-329B-B9FC-AA4456EFA17B}.DebugGame Editor|Win64.Build.0 = DebugGame_Editor|x64
		{3C0D8D6D-093C-329B-B9FC-AA4456EFA17B}.DebugGame|Win64.ActiveCfg = DebugGame|x64
		{3C0D8D6D-093C-329B-B9FC-AA4456EFA17B}.DebugGame|Win64.Build.0 = DebugGame|x64
		{3C0D8D6D-093C-329B-B9FC-AA4456EFA17B}.Development Editor|Win64.ActiveCfg = Development_Editor|x64
		{3C0D8D6D-093C-329B-B9FC-AA4456EFA17B}.Development Editor|Win64.Build.0 = Development_Editor|x64
		{3C0D8D6D-093C-329B-B9FC-AA4456EFA17B}.Development|Win64.ActiveCfg = Development|x64
		{3C0D8D6D-093C-329B-B9FC-AA4456EFA17B}.Development|Win64.Build.0 = Development|x64
		{3C0D8D6D-093C-329B-B9FC-AA4456EFA17B}.Shipping|Win64.ActiveCfg = Shipping|x64
		{3C0D8D6D-093C-329B-B9FC-AA4456EFA17B}.Shipping|Win64.Build.0 = Shipping|x64
		{3669A65A-2825-3060-A6BC-58DA30BDF78A}.DebugGame Editor|Win64.ActiveCfg = BuiltWithUnrealBuildTool|Win64
		{3669A65A-2825-3060-A6BC-58DA30BDF78A}.DebugGame|Win64.ActiveCfg = BuiltWithUnrealBuildTool|Win64
		{3669A65A-2825-3060-A6BC-58DA30BDF78A}.Development Editor|Win64.ActiveCfg = BuiltWithUnrealBuildTool|Win64
		{3669A65A-2825-3060-A6BC-58DA30BDF78A}.Development|Win64.ActiveCfg = BuiltWithUnrealBuildTool|Win64
		{3669A65A-2825-3060-A6BC-58DA30BDF78A}.Shipping|Win64.ActiveCfg = BuiltWithUnrealBuildTool|Win64
		{60BD01BA-1727-3204-AC23-4518D29BADD4}.DebugGame Editor|Win64.ActiveCfg = Development|Any CPU
		{60BD01BA-1727-3204-AC23-4518D29BADD4}.DebugGame Editor|Win64.Build.0 = Development|Any CPU
		{60BD01BA-1727-3204-AC23-4518D29BADD4}.DebugGame|Win64.ActiveCfg = Development|Any CPU
		{60BD01BA-1727-3204-AC23-4518D29BADD4}.DebugGame|Win64.Build.0 = Development|Any CPU
		{60BD01BA-1727-3204-AC23-4518D29BADD4}.Development Editor|Win64.ActiveCfg = Development|Any CPU
		{60BD01BA-1727-3204-AC23-4518D29BADD4}.Development Editor|Win64.Build.0 = Development|Any CPU
		{60BD01BA-1727-3204-AC23-4518D29BADD4}.Development|Win64.ActiveCfg = Development|Any CPU
		{60BD01BA-1727-3204-AC23-4518D29BADD4}.Development|Win64.Build.0 = Development|Any CPU
		{60BD01BA-1727-3204-AC23-4518D29BADD4}.Shipping|Win64.ActiveCfg = Development|Any CPU
		{60BD01BA-1727-3204-AC23-4518D29BADD4}.Shipping|Win64.Build.0 = Development|Any CPU
		{1816C01C-A845-30F8-8B78-8B8A93636A01}.DebugGame Editor|Win64.ActiveCfg = Development|Any CPU
		{1816C01C-A845-30F8-8B78-8B8A93636A01}.DebugGame Editor|Win64.Build.0 = Development|Any CPU
		{1816C01C-A845-30F8-8B78-8B8A93636A01}.DebugGame|Win64.ActiveCfg = Development|Any CPU
		{1816C01C-A845-30F8-8B78-8B8A93636A01}.DebugGame|Win64.Build.0 = Development|Any CPU
		{1816C01C-A845-30F8-8B78-8B8A93636A01}.Development Editor|Win64.ActiveCfg = Development|Any CPU
		{1816C01C-A845-30F8-8B78-8B8A93636A01}.Development Editor|Win64.Build.0 = Development|Any CPU
		{1816C01C-A845-30F8-8B78-8B8A93636A01}.Development|Win64.ActiveCfg = Development|Any CPU
		{1816C01C-A845-30F8-8B78-8B8A93636A01}.Development|Win64.Build.0 = Development|Any CPU
		{1816C01C-A845-30F8-8B78-8B8A93636A01}.Shipping|Win64.ActiveCfg = Development|Any CPU
		{1816C01C-A845-30F8-8B78-8B8A93636A01}.Shipping|Win64.Build.0 = Development|Any CPU
		{F01889B9-6B47-3C34-83B7-E3BB46F80ED6}.DebugGame Editor|Win64.ActiveCfg = Development|Any CPU
		{F01889B9-6B47-3C34-83B7-E3BB46F80ED6}.DebugGame Editor|Win64.Build.0 = Development|Any CPU
		{F01889B9-6B47-3C34-83B7-E3BB46F80ED6}.DebugGame|Win64.ActiveCfg = Development|Any CPU
		{F01889B9-6B47-3C34-83B7-E3BB46F80ED6}.DebugGame|Win64.Build.0 = Development|Any CPU
		{F01889B9-6B47-3C34-83B7-E3BB46F80ED6}.Development Editor|Win64.ActiveCfg = Development|Any CPU
		{F01889B9-6B47-3C34-83B7-E3BB46F80ED6}.Development Editor|Win64.Build.0 = Development|Any CPU
		{F01889B9-6B47-3C34-83B7-E3BB46F80ED6}.Development|Win64.ActiveCfg = Development|Any CPU
		{F01889B9-6B47-3C34-83B7-E3BB46F80ED6}.Development|Win64.Build.0 = Development|Any CPU
		{F01889B9-6B47-3C34-83B7-E3BB46F80ED6}.Shipping|Win64.ActiveCfg = Development|Any CPU
		{F01889B9-6B47-3C34-83B7-E3BB46F80ED6}.Shipping|Win64.Build.0 = Development|Any CPU
		{AE782253-FA4E-34C5-8E81-F766EA87D718}.DebugGame Editor|Win64.ActiveCfg = Development|Any CPU
		{AE782253-FA4E-34C5-8E81-F766EA87D718}.DebugGame Editor|Win64.Build.0 = Development|Any CPU
		{AE782253-FA4E-34C5-8E81-F766EA87D718}.DebugGame|Win64.ActiveCfg = Development|Any CPU
		{AE782253-FA4E-34C5-8E81-F766EA87D718}.DebugGame|Win64.Build.0 = Development|Any CPU
		{AE782253-FA4E-34C5-8E81-F766EA87D718}.Development Editor|Win64.ActiveCfg = Development|Any CPU
		{AE782253-FA4E-34C5-8E81-F766EA87D718}.Development Editor|Win64.Build.0 = Development|Any CPU
		{AE782253-FA4E-34C5-8E81-F766EA87D718}.Development|Win64.ActiveCfg = Development|Any CPU
		{AE782253-FA4E-34C5-8E81-F766EA87D718}.Development|Win64.Build.0 = Development|Any CPU
		{AE782253-FA4E-34C5-8E81-F766EA87D718}.Shipping|Win64.ActiveCfg = Development|Any CPU
		{AE782253-FA4E-34C5-8E81-F766EA87D718}.Shipping|Win64.Build.0 = Development|Any CPU
		{A388501A-8DBE-36EF-9605-D6B8D6C21908}.DebugGame Editor|Win64.ActiveCfg = Development|Any CPU
		{A388501A-8DBE-36EF-9605-D6B8D6C21908}.DebugGame Editor|Win64.Build.0 = Development|Any CPU
		{A388501A-8DBE-36EF-9605-D6B8D6C21908}.DebugGame|Win64.ActiveCfg = Development|Any CPU
		{A388501A-8DBE-36EF-9605-D6B8D6C21908}.DebugGame|Win64.Build.0 = Development|Any CPU
		{A388501A-8DBE-36EF-9605-D6B8D6C21908}.Development Editor|Win64.ActiveCfg = Development|Any CPU
		{A388501A-8DBE-36EF-9605-D6B8D6C21908}.Development Editor|Win64.Build.0 = Development|Any CPU
		{A388501A-8DBE-36EF-9605-D6B8D6C21908}.Development|Win64.ActiveCfg = Development|Any CPU
		{A388501A-8DBE-36EF-9605-D6B8D6C21908}.Development|Win64.Build.0 = Development|Any CPU
		{A388501A-8DBE-36EF-9605-D6B8D6C21908}.Shipping|Win64.ActiveCfg = Development|Any CPU
		{A388501A-8DBE-36EF-9605-D6B8D6C21908}.Shipping|Win64.Build.0 = Development|Any CPU
		{4129CABD-B043-323F-AB5A-B123CABBF1B6}.DebugGame Editor|Win64.ActiveCfg = Development|Any CPU
		{4129CABD-B043-323F-AB5A-B123CABBF1B6}.DebugGame Editor|Win64.Build.0 = Development|Any CPU
		{4129CABD-B043-323F-AB5A-B123CABBF1B6}.DebugGame|Win64.ActiveCfg = Development|Any CPU
		{4129CABD-B043-323F-AB5A-B123CABBF1B6}.DebugGame|Win64.Build.0 = Development|Any CPU
		{4129CABD-B043-323F-AB5A-B123CABBF1B6}.Development Editor|Win64.ActiveCfg = Development|Any CPU
		{4129CABD-B043-323F-AB5A-B123CABBF1B6}.Development Editor|Win64.Build.0 = Development|Any CPU
		{4129CABD-B043-323F-AB5A-B123CABBF1B6}.Development|Win64.ActiveCfg = Development|Any CPU
		{4129CABD-B043-323F-AB5A-B123CABBF1B6}.Development|Win64.Build.0 = Development|Any CPU
		{4129CABD-B043-323F-AB5A-B123CABBF1B6}.Shipping|Win64.ActiveCfg = Development|Any CPU
		{4129CABD-B043-323F-AB5A-B123CABBF1B6}.Shipping|Win64.Build.0 = Development|Any CPU
		{C02D1DF5-2CB1-33C9-B19B-B82FF49BD87B}.DebugGame Editor|Win64.ActiveCfg = Development|Any CPU
		{C02D1DF5-2CB1-33C9-B19B-B82FF49BD87B}.DebugGame Editor|Win64.Build.0 = Development|Any CPU
		{C02D1DF5-2CB1-33C9-B19B-B82FF49BD87B}.DebugGame|Win64.ActiveCfg = Development|Any CPU
		{C02D1DF5-2CB1-33C9-B19B-B82FF49BD87B}.DebugGame|Win64.Build.0 = Development|Any CPU
		{C02D1DF5-2CB1-33C9-B19B-B82FF49BD87B}.Development Editor|Win64.ActiveCfg = Development|Any CPU
		{C02D1DF5-2CB1-33C9-B19B-B82FF49BD87B}.Development Editor|Win64.Build.0 = Development|Any CPU
		{C02D1DF5-2CB1-33C9-B19B-B82FF49BD87B}.Development|Win64.ActiveCfg = Development|Any CPU
		{C02D1DF5-2CB1-33C9-B19B-B82FF49BD87B}.Development|Win64.Build.0 = Development|Any CPU
		{C02D1DF5-2CB1-33C9-B19B-B82FF49BD87B}.Shipping|Win64.ActiveCfg = Development|Any CPU
		{C02D1DF5-2CB1-33C9-B19B-B82FF49BD87B}.Shipping|Win64.Build.0 = Development|Any CPU
		{6423BAB2-9630-36A0-AF8E-8752BBFFF142}.DebugGame Editor|Win64.ActiveCfg = Development|Any CPU
		{6423BAB2-9630-36A0-AF8E-8752BBFFF142}.DebugGame Editor|Win64.Build.0 = Development|Any CPU
		{6423BAB2-9630-36A0-AF8E-8752BBFFF142}.DebugGame|Win64.ActiveCfg = Development|Any CPU
		{6423BAB2-9630-36A0-AF8E-8752BBFFF142}.DebugGame|Win64.Build.0 = Development|Any CPU
		{6423BAB2-9630-36A0-AF8E-8752BBFFF142}.Development Editor|Win64.ActiveCfg = Development|Any CPU
		{6423BAB2-9630-36A0-AF8E-8752BBFFF142}.Development Editor|Win64.Build.0 = Development|Any CPU
		{6423BAB2-9630-36A0-AF8E-8752BBFFF142}.Development|Win64.ActiveCfg = Development|Any CPU
		{6423BAB2-9630-36A0-AF8E-8752BBFFF142}.Development|Win64.Build.0 = Development|Any CPU
		{6423BAB2-9630-36A0-AF8E-8752BBFFF142}.Shipping|Win64.ActiveCfg = Development|Any CPU
		{6423BAB2-9630-36A0-AF8E-8752BBFFF142}.Shipping|Win64.Build.0 = Development|Any CPU
		{59092B2A-F676-380A-9866-058EE36B3AF2}.DebugGame Editor|Win64.ActiveCfg = Development|Any CPU
		{59092B2A-F676-380A-9866-058EE36B3AF2}.DebugGame Editor|Win64.Build.0 = Development|Any CPU
		{59092B2A-F676-380A-9866-058EE36B3AF2}.DebugGame|Win64.ActiveCfg = Development|Any CPU
		{59092B2A-F676-380A-9866-058EE36B3AF2}.DebugGame|Win64.Build.0 = Development|Any CPU
		{59092B2A-F676-380A-9866-058EE36B3AF2}.Development Editor|Win64.ActiveCfg = Development|Any CPU
		{59092B2A-F676-380A-9866-058EE36B3AF2}.Development Editor|Win64.Build.0 = Development|Any CPU
		{59092B2A-F676-380A-9866-058EE36B3AF2}.Development|Win64.ActiveCfg = Development|Any CPU
		{59092B2A-F676-380A-9866-058EE36B3AF2}.Development|Win64.Build.0 = Development|Any CPU
		{59092B2A-F676-380A-9866-058EE36B3AF2}.Shipping|Win64.ActiveCfg = Development|Any CPU
		{59092B2A-F676-380A-9866-058EE36B3AF2}.Shipping|Win64.Build.0 = Development|Any CPU
		{3A9623BE-AE08-3C3A-A054-D202D61E2B92}.DebugGame Editor|Win64.ActiveCfg = Development|Any CPU
		{3A9623BE-AE08-3C3A-A054-D202D61E2B92}.DebugGame Editor|Win64.Build.0 = Development|Any CPU
		{3A9623BE-AE08-3C3A-A054-D202D61E2B92}.DebugGame|Win64.ActiveCfg = Development|Any CPU
		{3A9623BE-AE08-3C3A-A054-D202D61E2B92}.DebugGame|Win64.Build.0 = Development|Any CPU
		{3A9623BE-AE08-3C3A-A054-D202D61E2B92}.Development Editor|Win64.ActiveCfg = Development|Any CPU
		{3A9623BE-AE08-3C3A-A054-D202D61E2B92}.Development Editor|Win64.Build.0 = Development|Any CPU
		{3A9623BE-AE08-3C3A-A054-D202D61E2B92}.Development|Win64.ActiveCfg = Development|Any CPU
		{3A9623BE-AE08-3C3A-A054-D202D61E2B92}.Development|Win64.Build.0 = Development|Any CPU
		{3A9623BE-AE08-3C3A-A054-D202D61E2B92}.Shipping|Win64.ActiveCfg = Development|Any CPU
		{3A9623BE-AE08-3C3A-A054-D202D61E2B92}.Shipping|Win64.Build.0 = Development|Any CPU
		{1430641B-C4ED-3B1C-A09A-9E01C907E2E2}.DebugGame Editor|Win64.ActiveCfg = Development|Any CPU
		{1430641B-C4ED-3B1C-A09A-9E01C907E2E2}.DebugGame Editor|Win64.Build.0 = Development|Any CPU
		{1430641B-C4ED-3B1C-A09A-9E01C907E2E2}.DebugGame|Win64.ActiveCfg = Development|Any CPU
		{1430641B-C4ED-3B1C-A09A-9E01C907E2E2}.DebugGame|Win64.Build.0 = Development|Any CPU
		{1430641B-C4ED-3B1C-A09A-9E01C907E2E2}.Development Editor|Win64.ActiveCfg = Development|Any CPU
		{1430641B-C4ED-3B1C-A09A-9E01C907E2E2}.Development Editor|Win64.Build.0 = Development|Any CPU
		{1430641B-C4ED-3B1C-A09A-9E01C907E2E2}.Development|Win64.ActiveCfg = Development|Any CPU
		{1430641B-C4ED-3B1C-A09A-9E01C907E2E2}.Development|Win64.Build.0 = Development|Any CPU
		{1430641B-C4ED-3B1C-A09A-9E01C907E2E2}.Shipping|Win64.ActiveCfg = Development|Any CPU
		{1430641B-C4ED-3B1C-A09A-9E01C907E2E2}.Shipping|Win64.Build.0 = Development|Any CPU
		{FC49E294-35A8-3C35-A3BC-522D92F29D89}.DebugGame Editor|Win64.ActiveCfg = Development|Any CPU
		{FC49E294-35A8-3C35-A3BC-522D92F29D89}.DebugGame Editor|Win64.Build.0 = Development|Any CPU
		{FC49E294-35A8-3C35-A3BC-522D92F29D89}.DebugGame|Win64.ActiveCfg = Development|Any CPU
		{FC49E294-35A8-3C35-A3BC-522D92F29D89}.DebugGame|Win64.Build.0 = Development|Any CPU
		{FC49E294-35A8-3C35-A3BC-522D92F29D89}.Development Editor|Win64.ActiveCfg = Development|Any CPU
		{FC49E294-35A8-3C35-A3BC-522D92F29D89}.Development Editor|Win64.Build.0 = Development|Any CPU
		{FC49E294-35A8-3C35-A3BC-522D92F29D89}.Development|Win64.ActiveCfg = Development|Any CPU
		{FC49E294-35A8-3C35-A3BC-522D92F29D89}.Development|Win64.Build.0 = Development|Any CPU
		{FC49E294-35A8-3C35-A3BC-522D92F29D89}.Shipping|Win64.ActiveCfg = Development|Any CPU
		{FC49E294-35A8-3C35-A3BC-522D92F29D89}.Shipping|Win64.Build.0 = Development|Any CPU
		{E9DBBEDA-2BE0-30F3-B7BE-162337462411}.DebugGame Editor|Win64.ActiveCfg = Development|Any CPU
		{E9DBBEDA-2BE0-30F3-B7BE-162337462411}.DebugGame Editor|Win64.Build.0 = Development|Any CPU
		{E9DBBEDA-2BE0-30F3-B7BE-162337462411}.DebugGame|Win64.ActiveCfg = Development|Any CPU
		{E9DBBEDA-2BE0-30F3-B7BE-162337462411}.DebugGame|Win64.Build.0 = Development|Any CPU
		{E9DBBEDA-2BE0-30F3-B7BE-162337462411}.Development Editor|Win64.ActiveCfg = Development|Any CPU
		{E9DBBEDA-2BE0-30F3-B7BE-162337462411}.Development Editor|Win64.Build.0 = Development|Any CPU
		{E9DBBEDA-2BE0-30F3-B7BE-162337462411}.Development|Win64.ActiveCfg = Development|Any CPU
		{E9DBBEDA-2BE0-30F3-B7BE-162337462411}.Development|Win64.Build.0 = Development|Any CPU
		{E9DBBEDA-2BE0-30F3-B7BE-162337462411}.Shipping|Win64.ActiveCfg = Development|Any CPU
		{E9DBBEDA-2BE0-30F3-B7BE-162337462411}.Shipping|Win64.Build.0 = Development|Any CPU
		{8FAB7761-855E-3200-852C-F75344075A51}.DebugGame Editor|Win64.ActiveCfg = Development|Any CPU
		{8FAB7761-855E-3200-852C-F75344075A51}.DebugGame Editor|Win64.Build.0 = Development|Any CPU
		{8FAB7761-855E-3200-852C-F75344075A51}.DebugGame|Win64.ActiveCfg = Development|Any CPU
		{8FAB7761-855E-3200-852C-F75344075A51}.DebugGame|Win64.Build.0 = Development|Any CPU
		{8FAB7761-855E-3200-852C-F75344075A51}.Development Editor|Win64.ActiveCfg = Development|Any CPU
		{8FAB7761-855E-3200-852C-F75344075A51}.Development Editor|Win64.Build.0 = Development|Any CPU
		{8FAB7761-855E-3200-852C-F75344075A51}.Development|Win64.ActiveCfg = Development|Any CPU
		{8FAB7761-855E-3200-852C-F75344075A51}.Development|Win64.Build.0 = Development|Any CPU
		{8FAB7761-855E-3200-852C-F75344075A51}.Shipping|Win64.ActiveCfg = Development|Any CPU
		{8FAB7761-855E-3200-852C-F75344075A51}.Shipping|Win64.Build.0 = Development|Any CPU
		{96B79621-B1F1-30CF-A29A-5D23A36DB8BA}.DebugGame Editor|Win64.ActiveCfg = Development|Any CPU
		{96B79621-B1F1-30CF-A29A-5D23A36DB8BA}.DebugGame Editor|Win64.Build.0 = Development|Any CPU
		{96B79621-B1F1-30CF-A29A-5D23A36DB8BA}.DebugGame|Win64.ActiveCfg = Development|Any CPU
		{96B79621-B1F1-30CF-A29A-5D23A36DB8BA}.DebugGame|Win64.Build.0 = Development|Any CPU
		{96B79621-B1F1-30CF-A29A-5D23A36DB8BA}.Development Editor|Win64.ActiveCfg = Development|Any CPU
		{96B79621-B1F1-30CF-A29A-5D23A36DB8BA}.Development Editor|Win64.Build.0 = Development|Any CPU
		{96B79621-B1F1-30CF-A29A-5D23A36DB8BA}.Development|Win64.ActiveCfg = Development|Any CPU
		{96B79621-B1F1-30CF-A29A-5D23A36DB8BA}.Development|Win64.Build.0 = Development|Any CPU
		{96B79621-B1F1-30CF-A29A-5D23A36DB8BA}.Shipping|Win64.ActiveCfg = Development|Any CPU
		{96B79621-B1F1-30CF-A29A-5D23A36DB8BA}.Shipping|Win64.Build.0 = Development|Any CPU
		{12920092-B490-364C-9EFB-01A34B971E15}.DebugGame Editor|Win64.ActiveCfg = Development|Any CPU
		{12920092-B490-364C-9EFB-01A34B971E15}.DebugGame Editor|Win64.Build.0 = Development|Any CPU
		{12920092-B490-364C-9EFB-01A34B971E15}.DebugGame|Win64.ActiveCfg = Development|Any CPU
		{12920092-B490-364C-9EFB-01A34B971E15}.DebugGame|Win64.Build.0 = Development|Any CPU
		{12920092-B490-364C-9EFB-01A34B971E15}.Development Editor|Win64.ActiveCfg = Development|Any CPU
		{12920092-B490-364C-9EFB-01A34B971E15}.Development Editor|Win64.Build.0 = Development|Any CPU
		{12920092-B490-364C-9EFB-01A34B971E15}.Development|Win64.ActiveCfg = Development|Any CPU
		{12920092-B490-364C-9EFB-01A34B971E15}.Development|Win64.Build.0 = Development|Any CPU
		{12920092-B490-364C-9EFB-01A34B971E15}.Shipping|Win64.ActiveCfg = Development|Any CPU
		{12920092-B490-364C-9EFB-01A34B971E15}.Shipping|Win64.Build.0 = Development|Any CPU
		{A253255C-DB0F-300A-BE3D-2A19E3796891}.DebugGame Editor|Win64.ActiveCfg = Development|Any CPU
		{A253255C-DB0F-300A-BE3D-2A19E3796891}.DebugGame Editor|Win64.Build.0 = Development|Any CPU
		{A253255C-DB0F-300A-BE3D-2A19E3796891}.DebugGame|Win64.ActiveCfg = Development|Any CPU
		{A253255C-DB0F-300A-BE3D-2A19E3796891}.DebugGame|Win64.Build.0 = Development|Any CPU
		{A253255C-DB0F-300A-BE3D-2A19E3796891}.Development Editor|Win64.ActiveCfg = Development|Any CPU
		{A253255C-DB0F-300A-BE3D-2A19E3796891}.Development Editor|Win64.Build.0 = Development|Any CPU
		{A253255C-DB0F-300A-BE3D-2A19E3796891}.Development|Win64.ActiveCfg = Development|Any CPU
		{A253255C-DB0F-300A-BE3D-2A19E3796891}.Development|Win64.Build.0 = Development|Any CPU
		{A253255C-DB0F-300A-BE3D-2A19E3796891}.Shipping|Win64.ActiveCfg = Development|Any CPU
		{A253255C-DB0F-300A-BE3D-2A19E3796891}.Shipping|Win64.Build.0 = Development|Any CPU
		{B5AC0485-EEC6-3477-BC30-6455EC93E1F4}.DebugGame Editor|Win64.ActiveCfg = Development|Any CPU
		{B5AC0485-EEC6-3477-BC30-6455EC93E1F4}.DebugGame Editor|Win64.Build.0 = Development|Any CPU
		{B5AC0485-EEC6-3477-BC30-6455EC93E1F4}.DebugGame|Win64.ActiveCfg = Development|Any CPU
		{B5AC0485-EEC6-3477-BC30-6455EC93E1F4}.DebugGame|Win64.Build.0 = Development|Any CPU
		{B5AC0485-EEC6-3477-BC30-6455EC93E1F4}.Development Editor|Win64.ActiveCfg = Development|Any CPU
		{B5AC0485-EEC6-3477-BC30-6455EC93E1F4}.Development Editor|Win64.Build.0 = Development|Any CPU
		{B5AC0485-EEC6-3477-BC30-6455EC93E1F4}.Development|Win64.ActiveCfg = Development|Any CPU
		{B5AC0485-EEC6-3477-BC30-6455EC93E1F4}.Development|Win64.Build.0 = Development|Any CPU
		{B5AC0485-EEC6-3477-BC30-6455EC93E1F4}.Shipping|Win64.ActiveCfg = Development|Any CPU
		{B5AC0485-EEC6-3477-BC30-6455EC93E1F4}.Shipping|Win64.Build.0 = Development|Any CPU
		{65DF080D-DD02-37DE-8AF8-C3A09582039D}.DebugGame Editor|Win64.ActiveCfg = Development|Any CPU
		{65DF080D-DD02-37DE-8AF8-C3A09582039D}.DebugGame Editor|Win64.Build.0 = Development|Any CPU
		{65DF080D-DD02-37DE-8AF8-C3A09582039D}.DebugGame|Win64.ActiveCfg = Development|Any CPU
		{65DF080D-DD02-37DE-8AF8-C3A09582039D}.DebugGame|Win64.Build.0 = Development|Any CPU
		{65DF080D-DD02-37DE-8AF8-C3A09582039D}.Development Editor|Win64.ActiveCfg = Development|Any CPU
		{65DF080D-DD02-37DE-8AF8-C3A09582039D}.Development Editor|Win64.Build.0 = Development|Any CPU
		{65DF080D-DD02-37DE-8AF8-C3A09582039D}.Development|Win64.ActiveCfg = Development|Any CPU
		{65DF080D-DD02-37DE-8AF8-C3A09582039D}.Development|Win64.Build.0 = Development|Any CPU
		{65DF080D-DD02-37DE-8AF8-C3A09582039D}.Shipping|Win64.ActiveCfg = Development|Any CPU
		{65DF080D-DD02-37DE-8AF8-C3A09582039D}.Shipping|Win64.Build.0 = Development|Any CPU
		{BCEB974B-F5AB-310E-B000-DF56415352F7}.DebugGame Editor|Win64.ActiveCfg = Development|Any CPU
		{BCEB974B-F5AB-310E-B000-DF56415352F7}.DebugGame Editor|Win64.Build.0 = Development|Any CPU
		{BCEB974B-F5AB-310E-B000-DF56415352F7}.DebugGame|Win64.ActiveCfg = Development|Any CPU
		{BCEB974B-F5AB-310E-B000-DF56415352F7}.DebugGame|Win64.Build.0 = Development|Any CPU
		{BCEB974B-F5AB-310E-B000-DF56415352F7}.Development Editor|Win64.ActiveCfg = Development|Any CPU
		{BCEB974B-F5AB-310E-B000-DF56415352F7}.Development Editor|Win64.Build.0 = Development|Any CPU
		{BCEB974B-F5AB-310E-B000-DF56415352F7}.Development|Win64.ActiveCfg = Development|Any CPU
		{BCEB974B-F5AB-310E-B000-DF56415352F7}.Development|Win64.Build.0 = Development|Any CPU
		{BCEB974B-F5AB-310E-B000-DF56415352F7}.Shipping|Win64.ActiveCfg = Development|Any CPU
		{BCEB974B-F5AB-310E-B000-DF56415352F7}.Shipping|Win64.Build.0 = Development|Any CPU
		{8325D0DF-2E2E-312E-85C8-980C062DCC52}.DebugGame Editor|Win64.ActiveCfg = Development|Any CPU
		{8325D0DF-2E2E-312E-85C8-980C062DCC52}.DebugGame Editor|Win64.Build.0 = Development|Any CPU
		{8325D0DF-2E2E-312E-85C8-980C062DCC52}.DebugGame|Win64.ActiveCfg = Development|Any CPU
		{8325D0DF-2E2E-312E-85C8-980C062DCC52}.DebugGame|Win64.Build.0 = Development|Any CPU
		{8325D0DF-2E2E-312E-85C8-980C062DCC52}.Development Editor|Win64.ActiveCfg = Development|Any CPU
		{8325D0DF-2E2E-312E-85C8-980C062DCC52}.Development Editor|Win64.Build.0 = Development|Any CPU
		{8325D0DF-2E2E-312E-85C8-980C062DCC52}.Development|Win64.ActiveCfg = Development|Any CPU
		{8325D0DF-2E2E-312E-85C8-980C062DCC52}.Development|Win64.Build.0 = Development|Any CPU
		{8325D0DF-2E2E-312E-85C8-980C062DCC52}.Shipping|Win64.ActiveCfg = Development|Any CPU
		{8325D0DF-2E2E-312E-85C8-980C062DCC52}.Shipping|Win64.Build.0 = Development|Any CPU
		{6708BFA3-B4C5-3E26-B063-7ACE128CC8D9}.DebugGame Editor|Win64.ActiveCfg = Development|Any CPU
		{6708BFA3-B4C5-3E26-B063-7ACE128CC8D9}.DebugGame Editor|Win64.Build.0 = Development|Any CPU
		{6708BFA3-B4C5-3E26-B063-7ACE128CC8D9}.DebugGame|Win64.ActiveCfg = Development|Any CPU
		{6708BFA3-B4C5-3E26-B063-7ACE128CC8D9}.DebugGame|Win64.Build.0 = Development|Any CPU
		{6708BFA3-B4C5-3E26-B063-7ACE128CC8D9}.Development Editor|Win64.ActiveCfg = Development|Any CPU
		{6708BFA3-B4C5-3E26-B063-7ACE128CC8D9}.Development Editor|Win64.Build.0 = Development|Any CPU
		{6708BFA3-B4C5-3E26-B063-7ACE128CC8D9}.Development|Win64.ActiveCfg = Development|Any CPU
		{6708BFA3-B4C5-3E26-B063-7ACE128CC8D9}.Development|Win64.Build.0 = Development|Any CPU
		{6708BFA3-B4C5-3E26-B063-7ACE128CC8D9}.Shipping|Win64.ActiveCfg = Development|Any CPU
		{6708BFA3-B4C5-3E26-B063-7ACE128CC8D9}.Shipping|Win64.Build.0 = Development|Any CPU
		{2BD893E0-9BB8-3ED4-8093-D6312674AF7D}.DebugGame Editor|Win64.ActiveCfg = Development|Any CPU
		{2BD893E0-9BB8-3ED4-8093-D6312674AF7D}.DebugGame Editor|Win64.Build.0 = Development|Any CPU
		{2BD893E0-9BB8-3ED4-8093-D6312674AF7D}.DebugGame|Win64.ActiveCfg = Development|Any CPU
		{2BD893E0-9BB8-3ED4-8093-D6312674AF7D}.DebugGame|Win64.Build.0 = Development|Any CPU
		{2BD893E0-9BB8-3ED4-8093-D6312674AF7D}.Development Editor|Win64.ActiveCfg = Development|Any CPU
		{2BD893E0-9BB8-3ED4-8093-D6312674AF7D}.Development Editor|Win64.Build.0 = Development|Any CPU
		{2BD893E0-9BB8-3ED4-8093-D6312674AF7D}.Development|Win64.ActiveCfg = Development|Any CPU
		{2BD893E0-9BB8-3ED4-8093-D6312674AF7D}.Development|Win64.Build.0 = Development|Any CPU
		{2BD893E0-9BB8-3ED4-8093-D6312674AF7D}.Shipping|Win64.ActiveCfg = Development|Any CPU
		{2BD893E0-9BB8-3ED4-8093-D6312674AF7D}.Shipping|Win64.Build.0 = Development|Any CPU
		{FF7F5BC2-1A4E-3BA4-B2F7-5DC4ED347989}.DebugGame Editor|Win64.ActiveCfg = Development|Any CPU
		{FF7F5BC2-1A4E-3BA4-B2F7-5DC4ED347989}.DebugGame Editor|Win64.Build.0 = Development|Any CPU
		{FF7F5BC2-1A4E-3BA4-B2F7-5DC4ED347989}.DebugGame|Win64.ActiveCfg = Development|Any CPU
		{FF7F5BC2-1A4E-3BA4-B2F7-5DC4ED347989}.DebugGame|Win64.Build.0 = Development|Any CPU
		{FF7F5BC2-1A4E-3BA4-B2F7-5DC4ED347989}.Development Editor|Win64.ActiveCfg = Development|Any CPU
		{FF7F5BC2-1A4E-3BA4-B2F7-5DC4ED347989}.Development Editor|Win64.Build.0 = Development|Any CPU
		{FF7F5BC2-1A4E-3BA4-B2F7-5DC4ED347989}.Development|Win64.ActiveCfg = Development|Any CPU
		{FF7F5BC2-1A4E-3BA4-B2F7-5DC4ED347989}.Development|Win64.Build.0 = Development|Any CPU
		{FF7F5BC2-1A4E-3BA4-B2F7-5DC4ED347989}.Shipping|Win64.ActiveCfg = Development|Any CPU
		{FF7F5BC2-1A4E-3BA4-B2F7-5DC4ED347989}.Shipping|Win64.Build.0 = Development|Any CPU
		{9EF77DAD-2D95-382E-9FEF-D1EA7C2A2369}.DebugGame Editor|Win64.ActiveCfg = Development|Any CPU
		{9EF77DAD-2D95-382E-9FEF-D1EA7C2A2369}.DebugGame Editor|Win64.Build.0 = Development|Any CPU
		{9EF77DAD-2D95-382E-9FEF-D1EA7C2A2369}.DebugGame|Win64.ActiveCfg = Development|Any CPU
		{9EF77DAD-2D95-382E-9FEF-D1EA7C2A2369}.DebugGame|Win64.Build.0 = Development|Any CPU
		{9EF77DAD-2D95-382E-9FEF-D1EA7C2A2369}.Development Editor|Win64.ActiveCfg = Development|Any CPU
		{9EF77DAD-2D95-382E-9FEF-D1EA7C2A2369}.Development Editor|Win64.Build.0 = Development|Any CPU
		{9EF77DAD-2D95-382E-9FEF-D1EA7C2A2369}.Development|Win64.ActiveCfg = Development|Any CPU
		{9EF77DAD-2D95-382E-9FEF-D1EA7C2A2369}.Development|Win64.Build.0 = Development|Any CPU
		{9EF77DAD-2D95-382E-9FEF-D1EA7C2A2369}.Shipping|Win64.ActiveCfg = Development|Any CPU
		{9EF77DAD-2D95-382E-9FEF-D1EA7C2A2369}.Shipping|Win64.Build.0 = Development|Any CPU
		{92C0681E-C94B-3CEA-8A09-BA0E9FA8BAF3}.DebugGame Editor|Win64.ActiveCfg = Development|Any CPU
		{92C0681E-C94B-3CEA-8A09-BA0E9FA8BAF3}.DebugGame Editor|Win64.Build.0 = Development|Any CPU
		{92C0681E-C94B-3CEA-8A09-BA0E9FA8BAF3}.DebugGame|Win64.ActiveCfg = Development|Any CPU
		{92C0681E-C94B-3CEA-8A09-BA0E9FA8BAF3}.DebugGame|Win64.Build.0 = Development|Any CPU
		{92C0681E-C94B-3CEA-8A09-BA0E9FA8BAF3}.Development Editor|Win64.ActiveCfg = Development|Any CPU
		{92C0681E-C94B-3CEA-8A09-BA0E9FA8BAF3}.Development Editor|Win64.Build.0 = Development|Any CPU
		{92C0681E-C94B-3CEA-8A09-BA0E9FA8BAF3}.Development|Win64.ActiveCfg = Development|Any CPU
		{92C0681E-C94B-3CEA-8A09-BA0E9FA8BAF3}.Development|Win64.Build.0 = Development|Any CPU
		{92C0681E-C94B-3CEA-8A09-BA0E9FA8BAF3}.Shipping|Win64.ActiveCfg = Development|Any CPU
		{92C0681E-C94B-3CEA-8A09-BA0E9FA8BAF3}.Shipping|Win64.Build.0 = Development|Any CPU
		{472FE554-E5C0-324A-8CF2-54CAF92C7648}.DebugGame Editor|Win64.ActiveCfg = Development|Any CPU
		{472FE554-E5C0-324A-8CF2-54CAF92C7648}.DebugGame Editor|Win64.Build.0 = Development|Any CPU
		{472FE554-E5C0-324A-8CF2-54CAF92C7648}.DebugGame|Win64.ActiveCfg = Development|Any CPU
		{472FE554-E5C0-324A-8CF2-54CAF92C7648}.DebugGame|Win64.Build.0 = Development|Any CPU
		{472FE554-E5C0-324A-8CF2-54CAF92C7648}.Development Editor|Win64.ActiveCfg = Development|Any CPU
		{472FE554-E5C0-324A-8CF2-54CAF92C7648}.Development Editor|Win64.Build.0 = Development|Any CPU
		{472FE554-E5C0-324A-8CF2-54CAF92C7648}.Development|Win64.ActiveCfg = Development|Any CPU
		{472FE554-E5C0-324A-8CF2-54CAF92C7648}.Development|Win64.Build.0 = Development|Any CPU
		{472FE554-E5C0-324A-8CF2-54CAF92C7648}.Shipping|Win64.ActiveCfg = Development|Any CPU
		{472FE554-E5C0-324A-8CF2-54CAF92C7648}.Shipping|Win64.Build.0 = Development|Any CPU
		{44422D4F-3E05-3091-B5A7-B766CD2C02EA}.DebugGame Editor|Win64.ActiveCfg = Development|Any CPU
		{44422D4F-3E05-3091-B5A7-B766CD2C02EA}.DebugGame Editor|Win64.Build.0 = Development|Any CPU
		{44422D4F-3E05-3091-B5A7-B766CD2C02EA}.DebugGame|Win64.ActiveCfg = Development|Any CPU
		{44422D4F-3E05-3091-B5A7-B766CD2C02EA}.DebugGame|Win64.Build.0 = Development|Any CPU
		{44422D4F-3E05-3091-B5A7-B766CD2C02EA}.Development Editor|Win64.ActiveCfg = Development|Any CPU
		{44422D4F-3E05-3091-B5A7-B766CD2C02EA}.Development Editor|Win64.Build.0 = Development|Any CPU
		{44422D4F-3E05-3091-B5A7-B766CD2C02EA}.Development|Win64.ActiveCfg = Development|Any CPU
		{44422D4F-3E05-3091-B5A7-B766CD2C02EA}.Development|Win64.Build.0 = Development|Any CPU
		{44422D4F-3E05-3091-B5A7-B766CD2C02EA}.Shipping|Win64.ActiveCfg = Development|Any CPU
		{44422D4F-3E05-3091-B5A7-B766CD2C02EA}.Shipping|Win64.Build.0 = Development|Any CPU
		{0562C7AD-0BDC-3E4D-96D1-80B177F2423C}.DebugGame Editor|Win64.ActiveCfg = Development|Any CPU
		{0562C7AD-0BDC-3E4D-96D1-80B177F2423C}.DebugGame Editor|Win64.Build.0 = Development|Any CPU
		{0562C7AD-0BDC-3E4D-96D1-80B177F2423C}.DebugGame|Win64.ActiveCfg = Development|Any CPU
		{0562C7AD-0BDC-3E4D-96D1-80B177F2423C}.DebugGame|Win64.Build.0 = Development|Any CPU
		{0562C7AD-0BDC-3E4D-96D1-80B177F2423C}.Development Editor|Win64.ActiveCfg = Development|Any CPU
		{0562C7AD-0BDC-3E4D-96D1-80B177F2423C}.Development Editor|Win64.Build.0 = Development|Any CPU
		{0562C7AD-0BDC-3E4D-96D1-80B177F2423C}.Development|Win64.ActiveCfg = Development|Any CPU
		{0562C7AD-0BDC-3E4D-96D1-80B177F2423C}.Development|Win64.Build.0 = Development|Any CPU
		{0562C7AD-0BDC-3E4D-96D1-80B177F2423C}.Shipping|Win64.ActiveCfg = Development|Any CPU
		{0562C7AD-0BDC-3E4D-96D1-80B177F2423C}.Shipping|Win64.Build.0 = Development|Any CPU
		{11414434-AFBA-376E-BF0C-1F751BCA0CF6}.DebugGame Editor|Win64.ActiveCfg = Development|Any CPU
		{11414434-AFBA-376E-BF0C-1F751BCA0CF6}.DebugGame Editor|Win64.Build.0 = Development|Any CPU
		{11414434-AFBA-376E-BF0C-1F751BCA0CF6}.DebugGame|Win64.ActiveCfg = Development|Any CPU
		{11414434-AFBA-376E-BF0C-1F751BCA0CF6}.DebugGame|Win64.Build.0 = Development|Any CPU
		{11414434-AFBA-376E-BF0C-1F751BCA0CF6}.Development Editor|Win64.ActiveCfg = Development|Any CPU
		{11414434-AFBA-376E-BF0C-1F751BCA0CF6}.Development Editor|Win64.Build.0 = Development|Any CPU
		{11414434-AFBA-376E-BF0C-1F751BCA0CF6}.Development|Win64.ActiveCfg = Development|Any CPU
		{11414434-AFBA-376E-BF0C-1F751BCA0CF6}.Development|Win64.Build.0 = Development|Any CPU
		{11414434-AFBA-376E-BF0C-1F751BCA0CF6}.Shipping|Win64.ActiveCfg = Development|Any CPU
		{11414434-AFBA-376E-BF0C-1F751BCA0CF6}.Shipping|Win64.Build.0 = Development|Any CPU
		{D99C789D-D0D2-3DBB-BDB2-042C7E34A761}.DebugGame Editor|Win64.ActiveCfg = Development|Any CPU
		{D99C789D-D0D2-3DBB-BDB2-042C7E34A761}.DebugGame Editor|Win64.Build.0 = Development|Any CPU
		{D99C789D-D0D2-3DBB-BDB2-042C7E34A761}.DebugGame|Win64.ActiveCfg = Development|Any CPU
		{D99C789D-D0D2-3DBB-BDB2-042C7E34A761}.DebugGame|Win64.Build.0 = Development|Any CPU
		{D99C789D-D0D2-3DBB-BDB2-042C7E34A761}.Development Editor|Win64.ActiveCfg = Development|Any CPU
		{D99C789D-D0D2-3DBB-BDB2-042C7E34A761}.Development Editor|Win64.Build.0 = Development|Any CPU
		{D99C789D-D0D2-3DBB-BDB2-042C7E34A761}.Development|Win64.ActiveCfg = Development|Any CPU
		{D99C789D-D0D2-3DBB-BDB2-042C7E34A761}.Development|Win64.Build.0 = Development|Any CPU
		{D99C789D-D0D2-3DBB-BDB2-042C7E34A761}.Shipping|Win64.ActiveCfg = Development|Any CPU
		{D99C789D-D0D2-3DBB-BDB2-042C7E34A761}.Shipping|Win64.Build.0 = Development|Any CPU
		{A829CA10-B212-371C-9ED0-6F83437449E9}.DebugGame Editor|Win64.ActiveCfg = Development|Any CPU
		{A829CA10-B212-371C-9ED0-6F83437449E9}.DebugGame Editor|Win64.Build.0 = Development|Any CPU
		{A829CA10-B212-371C-9ED0-6F83437449E9}.DebugGame|Win64.ActiveCfg = Development|Any CPU
		{A829CA10-B212-371C-9ED0-6F83437449E9}.DebugGame|Win64.Build.0 = Development|Any CPU
		{A829CA10-B212-371C-9ED0-6F83437449E9}.Development Editor|Win64.ActiveCfg = Development|Any CPU
		{A829CA10-B212-371C-9ED0-6F83437449E9}.Development Editor|Win64.Build.0 = Development|Any CPU
		{A829CA10-B212-371C-9ED0-6F83437449E9}.Development|Win64.ActiveCfg = Development|Any CPU
		{A829CA10-B212-371C-9ED0-6F83437449E9}.Development|Win64.Build.0 = Development|Any CPU
		{A829CA10-B212-371C-9ED0-6F83437449E9}.Shipping|Win64.ActiveCfg = Development|Any CPU
		{A829CA10-B212-371C-9ED0-6F83437449E9}.Shipping|Win64.Build.0 = Development|Any CPU
		{5B8F5C6A-9610-3E82-868C-EFAA9DC5DF93}.DebugGame Editor|Win64.ActiveCfg = Development|Any CPU
		{5B8F5C6A-9610-3E82-868C-EFAA9DC5DF93}.DebugGame Editor|Win64.Build.0 = Development|Any CPU
		{5B8F5C6A-9610-3E82-868C-EFAA9DC5DF93}.DebugGame|Win64.ActiveCfg = Development|Any CPU
		{5B8F5C6A-9610-3E82-868C-EFAA9DC5DF93}.DebugGame|Win64.Build.0 = Development|Any CPU
		{5B8F5C6A-9610-3E82-868C-EFAA9DC5DF93}.Development Editor|Win64.ActiveCfg = Development|Any CPU
		{5B8F5C6A-9610-3E82-868C-EFAA9DC5DF93}.Development Editor|Win64.Build.0 = Development|Any CPU
		{5B8F5C6A-9610-3E82-868C-EFAA9DC5DF93}.Development|Win64.ActiveCfg = Development|Any CPU
		{5B8F5C6A-9610-3E82-868C-EFAA9DC5DF93}.Development|Win64.Build.0 = Development|Any CPU
		{5B8F5C6A-9610-3E82-868C-EFAA9DC5DF93}.Shipping|Win64.ActiveCfg = Development|Any CPU
		{5B8F5C6A-9610-3E82-868C-EFAA9DC5DF93}.Shipping|Win64.Build.0 = Development|Any CPU
		{84188A06-FF57-3A0C-B538-7A4480CC7E99}.DebugGame Editor|Win64.ActiveCfg = Development|Any CPU
		{84188A06-FF57-3A0C-B538-7A4480CC7E99}.DebugGame Editor|Win64.Build.0 = Development|Any CPU
		{84188A06-FF57-3A0C-B538-7A4480CC7E99}.DebugGame|Win64.ActiveCfg = Development|Any CPU
		{84188A06-FF57-3A0C-B538-7A4480CC7E99}.DebugGame|Win64.Build.0 = Development|Any CPU
		{84188A06-FF57-3A0C-B538-7A4480CC7E99}.Development Editor|Win64.ActiveCfg = Development|Any CPU
		{84188A06-FF57-3A0C-B538-7A4480CC7E99}.Development Editor|Win64.Build.0 = Development|Any CPU
		{84188A06-FF57-3A0C-B538-7A4480CC7E99}.Development|Win64.ActiveCfg = Development|Any CPU
		{84188A06-FF57-3A0C-B538-7A4480CC7E99}.Development|Win64.Build.0 = Development|Any CPU
		{84188A06-FF57-3A0C-B538-7A4480CC7E99}.Shipping|Win64.ActiveCfg = Development|Any CPU
		{84188A06-FF57-3A0C-B538-7A4480CC7E99}.Shipping|Win64.Build.0 = Development|Any CPU
		{F157C668-3463-357E-AEA0-D119672CDA97}.DebugGame Editor|Win64.ActiveCfg = Development|Any CPU
		{F157C668-3463-357E-AEA0-D119672CDA97}.DebugGame Editor|Win64.Build.0 = Development|Any CPU
		{F157C668-3463-357E-AEA0-D119672CDA97}.DebugGame|Win64.ActiveCfg = Development|Any CPU
		{F157C668-3463-357E-AEA0-D119672CDA97}.DebugGame|Win64.Build.0 = Development|Any CPU
		{F157C668-3463-357E-AEA0-D119672CDA97}.Development Editor|Win64.ActiveCfg = Development|Any CPU
		{F157C668-3463-357E-AEA0-D119672CDA97}.Development Editor|Win64.Build.0 = Development|Any CPU
		{F157C668-3463-357E-AEA0-D119672CDA97}.Development|Win64.ActiveCfg = Development|Any CPU
		{F157C668-3463-357E-AEA0-D119672CDA97}.Development|Win64.Build.0 = Development|Any CPU
		{F157C668-3463-357E-AEA0-D119672CDA97}.Shipping|Win64.ActiveCfg = Development|Any CPU
		{F157C668-3463-357E-AEA0-D119672CDA97}.Shipping|Win64.Build.0 = Development|Any CPU
		{41F33529-CCCC-3DE7-8133-ED7D884A9046}.DebugGame Editor|Win64.ActiveCfg = Development|Any CPU
		{41F33529-CCCC-3DE7-8133-ED7D884A9046}.DebugGame Editor|Win64.Build.0 = Development|Any CPU
		{41F33529-CCCC-3DE7-8133-ED7D884A9046}.DebugGame|Win64.ActiveCfg = Development|Any CPU
		{41F33529-CCCC-3DE7-8133-ED7D884A9046}.DebugGame|Win64.Build.0 = Development|Any CPU
		{41F33529-CCCC-3DE7-8133-ED7D884A9046}.Development Editor|Win64.ActiveCfg = Development|Any CPU
		{41F33529-CCCC-3DE7-8133-ED7D884A9046}.Development Editor|Win64.Build.0 = Development|Any CPU
		{41F33529-CCCC-3DE7-8133-ED7D884A9046}.Development|Win64.ActiveCfg = Development|Any CPU
		{41F33529-CCCC-3DE7-8133-ED7D884A9046}.Development|Win64.Build.0 = Development|Any CPU
		{41F33529-CCCC-3DE7-8133-ED7D884A9046}.Shipping|Win64.ActiveCfg = Development|Any CPU
		{41F33529-CCCC-3DE7-8133-ED7D884A9046}.Shipping|Win64.Build.0 = Development|Any CPU
		{78DF0A3A-A785-376D-9D04-D18AAADCFF78}.DebugGame Editor|Win64.ActiveCfg = Development|Any CPU
		{78DF0A3A-A785-376D-9D04-D18AAADCFF78}.DebugGame Editor|Win64.Build.0 = Development|Any CPU
		{78DF0A3A-A785-376D-9D04-D18AAADCFF78}.DebugGame|Win64.ActiveCfg = Development|Any CPU
		{78DF0A3A-A785-376D-9D04-D18AAADCFF78}.DebugGame|Win64.Build.0 = Development|Any CPU
		{78DF0A3A-A785-376D-9D04-D18AAADCFF78}.Development Editor|Win64.ActiveCfg = Development|Any CPU
		{78DF0A3A-A785-376D-9D04-D18AAADCFF78}.Development Editor|Win64.Build.0 = Development|Any CPU
		{78DF0A3A-A785-376D-9D04-D18AAADCFF78}.Development|Win64.ActiveCfg = Development|Any CPU
		{78DF0A3A-A785-376D-9D04-D18AAADCFF78}.Development|Win64.Build.0 = Development|Any CPU
		{78DF0A3A-A785-376D-9D04-D18AAADCFF78}.Shipping|Win64.ActiveCfg = Development|Any CPU
		{78DF0A3A-A785-376D-9D04-D18AAADCFF78}.Shipping|Win64.Build.0 = Development|Any CPU
		{7E00C53E-B544-3674-AC03-0395D573F6EB}.DebugGame Editor|Win64.ActiveCfg = Development|Any CPU
		{7E00C53E-B544-3674-AC03-0395D573F6EB}.DebugGame Editor|Win64.Build.0 = Development|Any CPU
		{7E00C53E-B544-3674-AC03-0395D573F6EB}.DebugGame|Win64.ActiveCfg = Development|Any CPU
		{7E00C53E-B544-3674-AC03-0395D573F6EB}.DebugGame|Win64.Build.0 = Development|Any CPU
		{7E00C53E-B544-3674-AC03-0395D573F6EB}.Development Editor|Win64.ActiveCfg = Development|Any CPU
		{7E00C53E-B544-3674-AC03-0395D573F6EB}.Development Editor|Win64.Build.0 = Development|Any CPU
		{7E00C53E-B544-3674-AC03-0395D573F6EB}.Development|Win64.ActiveCfg = Development|Any CPU
		{7E00C53E-B544-3674-AC03-0395D573F6EB}.Development|Win64.Build.0 = Development|Any CPU
		{7E00C53E-B544-3674-AC03-0395D573F6EB}.Shipping|Win64.ActiveCfg = Development|Any CPU
		{7E00C53E-B544-3674-AC03-0395D573F6EB}.Shipping|Win64.Build.0 = Development|Any CPU
		{7A2CD817-8C28-3FF5-8C8F-B481EDAC2907}.DebugGame Editor|Win64.ActiveCfg = Development|Any CPU
		{7A2CD817-8C28-3FF5-8C8F-B481EDAC2907}.DebugGame Editor|Win64.Build.0 = Development|Any CPU
		{7A2CD817-8C28-3FF5-8C8F-B481EDAC2907}.DebugGame|Win64.ActiveCfg = Development|Any CPU
		{7A2CD817-8C28-3FF5-8C8F-B481EDAC2907}.DebugGame|Win64.Build.0 = Development|Any CPU
		{7A2CD817-8C28-3FF5-8C8F-B481EDAC2907}.Development Editor|Win64.ActiveCfg = Development|Any CPU
		{7A2CD817-8C28-3FF5-8C8F-B481EDAC2907}.Development Editor|Win64.Build.0 = Development|Any CPU
		{7A2CD817-8C28-3FF5-8C8F-B481EDAC2907}.Development|Win64.ActiveCfg = Development|Any CPU
		{7A2CD817-8C28-3FF5-8C8F-B481EDAC2907}.Development|Win64.Build.0 = Development|Any CPU
		{7A2CD817-8C28-3FF5-8C8F-B481EDAC2907}.Shipping|Win64.ActiveCfg = Development|Any CPU
		{7A2CD817-8C28-3FF5-8C8F-B481EDAC2907}.Shipping|Win64.Build.0 = Development|Any CPU
		{39C58C7A-A6CE-3AD1-A165-FA3B599F01D5}.DebugGame Editor|Win64.ActiveCfg = Development|Any CPU
		{39C58C7A-A6CE-3AD1-A165-FA3B599F01D5}.DebugGame Editor|Win64.Build.0 = Development|Any CPU
		{39C58C7A-A6CE-3AD1-A165-FA3B599F01D5}.DebugGame|Win64.ActiveCfg = Development|Any CPU
		{39C58C7A-A6CE-3AD1-A165-FA3B599F01D5}.DebugGame|Win64.Build.0 = Development|Any CPU
		{39C58C7A-A6CE-3AD1-A165-FA3B599F01D5}.Development Editor|Win64.ActiveCfg = Development|Any CPU
		{39C58C7A-A6CE-3AD1-A165-FA3B599F01D5}.Development Editor|Win64.Build.0 = Development|Any CPU
		{39C58C7A-A6CE-3AD1-A165-FA3B599F01D5}.Development|Win64.ActiveCfg = Development|Any CPU
		{39C58C7A-A6CE-3AD1-A165-FA3B599F01D5}.Development|Win64.Build.0 = Development|Any CPU
		{39C58C7A-A6CE-3AD1-A165-FA3B599F01D5}.Shipping|Win64.ActiveCfg = Development|Any CPU
		{39C58C7A-A6CE-3AD1-A165-FA3B599F01D5}.Shipping|Win64.Build.0 = Development|Any CPU
		{8290AA62-0FC1-3DD7-97E7-30625C067365}.DebugGame Editor|Win64.ActiveCfg = Development|Any CPU
		{8290AA62-0FC1-3DD7-97E7-30625C067365}.DebugGame Editor|Win64.Build.0 = Development|Any CPU
		{8290AA62-0FC1-3DD7-97E7-30625C067365}.DebugGame|Win64.ActiveCfg = Development|Any CPU
		{8290AA62-0FC1-3DD7-97E7-30625C067365}.DebugGame|Win64.Build.0 = Development|Any CPU
		{8290AA62-0FC1-3DD7-97E7-30625C067365}.Development Editor|Win64.ActiveCfg = Development|Any CPU
		{8290AA62-0FC1-3DD7-97E7-30625C067365}.Development Editor|Win64.Build.0 = Development|Any CPU
		{8290AA62-0FC1-3DD7-97E7-30625C067365}.Development|Win64.ActiveCfg = Development|Any CPU
		{8290AA62-0FC1-3DD7-97E7-30625C067365}.Development|Win64.Build.0 = Development|Any CPU
		{8290AA62-0FC1-3DD7-97E7-30625C067365}.Shipping|Win64.ActiveCfg = Development|Any CPU
		{8290AA62-0FC1-3DD7-97E7-30625C067365}.Shipping|Win64.Build.0 = Development|Any CPU
		{86BE7DD8-4AC2-35B9-80C1-45B4323D7AF0}.DebugGame Editor|Win64.ActiveCfg = Development|Any CPU
		{86BE7DD8-4AC2-35B9-80C1-45B4323D7AF0}.DebugGame Editor|Win64.Build.0 = Development|Any CPU
		{86BE7DD8-4AC2-35B9-80C1-45B4323D7AF0}.DebugGame|Win64.ActiveCfg = Development|Any CPU
		{86BE7DD8-4AC2-35B9-80C1-45B4323D7AF0}.DebugGame|Win64.Build.0 = Development|Any CPU
		{86BE7DD8-4AC2-35B9-80C1-45B4323D7AF0}.Development Editor|Win64.ActiveCfg = Development|Any CPU
		{86BE7DD8-4AC2-35B9-80C1-45B4323D7AF0}.Development Editor|Win64.Build.0 = Development|Any CPU
		{86BE7DD8-4AC2-35B9-80C1-45B4323D7AF0}.Development|Win64.ActiveCfg = Development|Any CPU
		{86BE7DD8-4AC2-35B9-80C1-45B4323D7AF0}.Development|Win64.Build.0 = Development|Any CPU
		{86BE7DD8-4AC2-35B9-80C1-45B4323D7AF0}.Shipping|Win64.ActiveCfg = Development|Any CPU
		{86BE7DD8-4AC2-35B9-80C1-45B4323D7AF0}.Shipping|Win64.Build.0 = Development|Any CPU
		{719B7437-712F-3D44-B7CD-FD82A7FFD828}.DebugGame Editor|Win64.ActiveCfg = Development|Any CPU
		{719B7437-712F-3D44-B7CD-FD82A7FFD828}.DebugGame Editor|Win64.Build.0 = Development|Any CPU
		{719B7437-712F-3D44-B7CD-FD82A7FFD828}.DebugGame|Win64.ActiveCfg = Development|Any CPU
		{719B7437-712F-3D44-B7CD-FD82A7FFD828}.DebugGame|Win64.Build.0 = Development|Any CPU
		{719B7437-712F-3D44-B7CD-FD82A7FFD828}.Development Editor|Win64.ActiveCfg = Development|Any CPU
		{719B7437-712F-3D44-B7CD-FD82A7FFD828}.Development Editor|Win64.Build.0 = Development|Any CPU
		{719B7437-712F-3D44-B7CD-FD82A7FFD828}.Development|Win64.ActiveCfg = Development|Any CPU
		{719B7437-712F-3D44-B7CD-FD82A7FFD828}.Development|Win64.Build.0 = Development|Any CPU
		{719B7437-712F-3D44-B7CD-FD82A7FFD828}.Shipping|Win64.ActiveCfg = Development|Any CPU
		{719B7437-712F-3D44-B7CD-FD82A7FFD828}.Shipping|Win64.Build.0 = Development|Any CPU
		{4491E732-861E-3FE1-BEB7-1A1397031CE0}.DebugGame Editor|Win64.ActiveCfg = Development|Any CPU
		{4491E732-861E-3FE1-BEB7-1A1397031CE0}.DebugGame Editor|Win64.Build.0 = Development|Any CPU
		{4491E732-861E-3FE1-BEB7-1A1397031CE0}.DebugGame|Win64.ActiveCfg = Development|Any CPU
		{4491E732-861E-3FE1-BEB7-1A1397031CE0}.DebugGame|Win64.Build.0 = Development|Any CPU
		{4491E732-861E-3FE1-BEB7-1A1397031CE0}.Development Editor|Win64.ActiveCfg = Development|Any CPU
		{4491E732-861E-3FE1-BEB7-1A1397031CE0}.Development Editor|Win64.Build.0 = Development|Any CPU
		{4491E732-861E-3FE1-BEB7-1A1397031CE0}.Development|Win64.ActiveCfg = Development|Any CPU
		{4491E732-861E-3FE1-BEB7-1A1397031CE0}.Development|Win64.Build.0 = Development|Any CPU
		{4491E732-861E-3FE1-BEB7-1A1397031CE0}.Shipping|Win64.ActiveCfg = Development|Any CPU
		{4491E732-861E-3FE1-BEB7-1A1397031CE0}.Shipping|Win64.Build.0 = Development|Any CPU
		{6D1C5F02-05F8-3C70-BB56-6833647C3229}.DebugGame Editor|Win64.ActiveCfg = Development|Any CPU
		{6D1C5F02-05F8-3C70-BB56-6833647C3229}.DebugGame Editor|Win64.Build.0 = Development|Any CPU
		{6D1C5F02-05F8-3C70-BB56-6833647C3229}.DebugGame|Win64.ActiveCfg = Development|Any CPU
		{6D1C5F02-05F8-3C70-BB56-6833647C3229}.DebugGame|Win64.Build.0 = Development|Any CPU
		{6D1C5F02-05F8-3C70-BB56-6833647C3229}.Development Editor|Win64.ActiveCfg = Development|Any CPU
		{6D1C5F02-05F8-3C70-BB56-6833647C3229}.Development Editor|Win64.Build.0 = Development|Any CPU
		{6D1C5F02-05F8-3C70-BB56-6833647C3229}.Development|Win64.ActiveCfg = Development|Any CPU
		{6D1C5F02-05F8-3C70-BB56-6833647C3229}.Development|Win64.Build.0 = Development|Any CPU
		{6D1C5F02-05F8-3C70-BB56-6833647C3229}.Shipping|Win64.ActiveCfg = Development|Any CPU
		{6D1C5F02-05F8-3C70-BB56-6833647C3229}.Shipping|Win64.Build.0 = Development|Any CPU
		{3C2C8CBB-0A66-3FD2-A331-FB07DF1B24CA}.DebugGame Editor|Win64.ActiveCfg = Development|Any CPU
		{3C2C8CBB-0A66-3FD2-A331-FB07DF1B24CA}.DebugGame Editor|Win64.Build.0 = Development|Any CPU
		{3C2C8CBB-0A66-3FD2-A331-FB07DF1B24CA}.DebugGame|Win64.ActiveCfg = Development|Any CPU
		{3C2C8CBB-0A66-3FD2-A331-FB07DF1B24CA}.DebugGame|Win64.Build.0 = Development|Any CPU
		{3C2C8CBB-0A66-3FD2-A331-FB07DF1B24CA}.Development Editor|Win64.ActiveCfg = Development|Any CPU
		{3C2C8CBB-0A66-3FD2-A331-FB07DF1B24CA}.Development Editor|Win64.Build.0 = Development|Any CPU
		{3C2C8CBB-0A66-3FD2-A331-FB07DF1B24CA}.Development|Win64.ActiveCfg = Development|Any CPU
		{3C2C8CBB-0A66-3FD2-A331-FB07DF1B24CA}.Development|Win64.Build.0 = Development|Any CPU
		{3C2C8CBB-0A66-3FD2-A331-FB07DF1B24CA}.Shipping|Win64.ActiveCfg = Development|Any CPU
		{3C2C8CBB-0A66-3FD2-A331-FB07DF1B24CA}.Shipping|Win64.Build.0 = Development|Any CPU
	EndGlobalSection
	GlobalSection(SolutionProperties) = preSolution
		HideSolutionNode = FALSE
	EndGlobalSection
	GlobalSection(NestedProjects) = preSolution
		{3669A65A-2825-3060-A6BC-58DA30BDF78A} = {233774A8-CC9D-3FA9-86D1-90573E92B704}
		{3C0D8D6D-093C-329B-B9FC-AA4456EFA17B} = {DE1F8B53-6C02-3C13-9101-A7C8D96F3FF6}
		{60BD01BA-1727-3204-AC23-4518D29BADD4} = {A338B9E2-A559-34BE-A46D-F789DD488FAD}
		{1816C01C-A845-30F8-8B78-8B8A93636A01} = {A338B9E2-A559-34BE-A46D-F789DD488FAD}
		{0BFBE63A-B98A-3411-8EEB-8918FEC737B3} = {A338B9E2-A559-34BE-A46D-F789DD488FAD}
		{7B5CFB44-F0FB-31DF-AE62-C3C096A29A7B} = {A338B9E2-A559-34BE-A46D-F789DD488FAD}
		{57713676-9DBE-331C-AD10-26632AC9EE0C} = {A338B9E2-A559-34BE-A46D-F789DD488FAD}
		{F01889B9-6B47-3C34-83B7-E3BB46F80ED6} = {0BFBE63A-B98A-3411-8EEB-8918FEC737B3}
		{AE782253-FA4E-34C5-8E81-F766EA87D718} = {0BFBE63A-B98A-3411-8EEB-8918FEC737B3}
		{A388501A-8DBE-36EF-9605-D6B8D6C21908} = {0BFBE63A-B98A-3411-8EEB-8918FEC737B3}
		{4129CABD-B043-323F-AB5A-B123CABBF1B6} = {0BFBE63A-B98A-3411-8EEB-8918FEC737B3}
		{C02D1DF5-2CB1-33C9-B19B-B82FF49BD87B} = {0BFBE63A-B98A-3411-8EEB-8918FEC737B3}
		{6423BAB2-9630-36A0-AF8E-8752BBFFF142} = {0BFBE63A-B98A-3411-8EEB-8918FEC737B3}
		{59092B2A-F676-380A-9866-058EE36B3AF2} = {0BFBE63A-B98A-3411-8EEB-8918FEC737B3}
		{3A9623BE-AE08-3C3A-A054-D202D61E2B92} = {0BFBE63A-B98A-3411-8EEB-8918FEC737B3}
		{1430641B-C4ED-3B1C-A09A-9E01C907E2E2} = {0BFBE63A-B98A-3411-8EEB-8918FEC737B3}
		{FC49E294-35A8-3C35-A3BC-522D92F29D89} = {0BFBE63A-B98A-3411-8EEB-8918FEC737B3}
		{E9DBBEDA-2BE0-30F3-B7BE-162337462411} = {0BFBE63A-B98A-3411-8EEB-8918FEC737B3}
		{8FAB7761-855E-3200-852C-F75344075A51} = {0BFBE63A-B98A-3411-8EEB-8918FEC737B3}
		{96B79621-B1F1-30CF-A29A-5D23A36DB8BA} = {0BFBE63A-B98A-3411-8EEB-8918FEC737B3}
		{12920092-B490-364C-9EFB-01A34B971E15} = {0BFBE63A-B98A-3411-8EEB-8918FEC737B3}
		{A253255C-DB0F-300A-BE3D-2A19E3796891} = {0BFBE63A-B98A-3411-8EEB-8918FEC737B3}
		{B5AC0485-EEC6-3477-BC30-6455EC93E1F4} = {0BFBE63A-B98A-3411-8EEB-8918FEC737B3}
		{65DF080D-DD02-37DE-8AF8-C3A09582039D} = {0BFBE63A-B98A-3411-8EEB-8918FEC737B3}
		{BCEB974B-F5AB-310E-B000-DF56415352F7} = {0BFBE63A-B98A-3411-8EEB-8918FEC737B3}
		{8325D0DF-2E2E-312E-85C8-980C062DCC52} = {0BFBE63A-B98A-3411-8EEB-8918FEC737B3}
		{6708BFA3-B4C5-3E26-B063-7ACE128CC8D9} = {0BFBE63A-B98A-3411-8EEB-8918FEC737B3}
		{2BD893E0-9BB8-3ED4-8093-D6312674AF7D} = {7B5CFB44-F0FB-31DF-AE62-C3C096A29A7B}
		{FF7F5BC2-1A4E-3BA4-B2F7-5DC4ED347989} = {57713676-9DBE-331C-AD10-26632AC9EE0C}
		{9EF77DAD-2D95-382E-9FEF-D1EA7C2A2369} = {57713676-9DBE-331C-AD10-26632AC9EE0C}
		{92C0681E-C94B-3CEA-8A09-BA0E9FA8BAF3} = {57713676-9DBE-331C-AD10-26632AC9EE0C}
		{472FE554-E5C0-324A-8CF2-54CAF92C7648} = {57713676-9DBE-331C-AD10-26632AC9EE0C}
		{44422D4F-3E05-3091-B5A7-B766CD2C02EA} = {57713676-9DBE-331C-AD10-26632AC9EE0C}
		{0562C7AD-0BDC-3E4D-96D1-80B177F2423C} = {57713676-9DBE-331C-AD10-26632AC9EE0C}
		{11414434-AFBA-376E-BF0C-1F751BCA0CF6} = {57713676-9DBE-331C-AD10-26632AC9EE0C}
		{D99C789D-D0D2-3DBB-BDB2-042C7E34A761} = {57713676-9DBE-331C-AD10-26632AC9EE0C}
		{A829CA10-B212-371C-9ED0-6F83437449E9} = {57713676-9DBE-331C-AD10-26632AC9EE0C}
		{5B8F5C6A-9610-3E82-868C-EFAA9DC5DF93} = {57713676-9DBE-331C-AD10-26632AC9EE0C}
		{84188A06-FF57-3A0C-B538-7A4480CC7E99} = {57713676-9DBE-331C-AD10-26632AC9EE0C}
		{F157C668-3463-357E-AEA0-D119672CDA97} = {57713676-9DBE-331C-AD10-26632AC9EE0C}
		{41F33529-CCCC-3DE7-8133-ED7D884A9046} = {57713676-9DBE-331C-AD10-26632AC9EE0C}
		{78DF0A3A-A785-376D-9D04-D18AAADCFF78} = {57713676-9DBE-331C-AD10-26632AC9EE0C}
		{7E00C53E-B544-3674-AC03-0395D573F6EB} = {57713676-9DBE-331C-AD10-26632AC9EE0C}
		{7A2CD817-8C28-3FF5-8C8F-B481EDAC2907} = {57713676-9DBE-331C-AD10-26632AC9EE0C}
		{39C58C7A-A6CE-3AD1-A165-FA3B599F01D5} = {57713676-9DBE-331C-AD10-26632AC9EE0C}
		{8290AA62-0FC1-3DD7-97E7-30625C067365} = {57713676-9DBE-331C-AD10-26632AC9EE0C}
		{86BE7DD8-4AC2-35B9-80C1-45B4323D7AF0} = {57713676-9DBE-331C-AD10-26632AC9EE0C}
		{719B7437-712F-3D44-B7CD-FD82A7FFD828} = {57713676-9DBE-331C-AD10-26632AC9EE0C}
		{4491E732-861E-3FE1-BEB7-1A1397031CE0} = {C2F57ECE-B26F-39D8-BDA7-C1D40BD8F180}
		{6D1C5F02-05F8-3C70-BB56-6833647C3229} = {C2F57ECE-B26F-39D8-BDA7-C1D40BD8F180}
		{3C2C8CBB-0A66-3FD2-A331-FB07DF1B24CA} = {C2F57ECE-B26F-39D8-BDA7-C1D40BD8F180}
	EndGlobalSection
EndGlobal
